
Microsoft Visual Studio Solution File, Format Version 12.00
Project("{FAE04EC0-301F-11D3-BF4B-00C04F79EFBC}") = "FunFair.BuildCheck", "FunFair.BuildCheck\FunFair.BuildCheck.csproj", "{A5DC8305-594C-4B52-B9E1-B61DD114CD0F}"
EndProject
Project("{2150E333-8FDC-42A3-9474-1A3956D46DE8}") = "Config", "Config", "{4C696EA2-D758-400E-89E0-5613F2C512E0}"
ProjectSection(SolutionItems) = preProject
	CodeAnalysis.ruleset = CodeAnalysis.ruleset
	global.json = global.json
	..\CHANGELOG.md = ..\CHANGELOG.md
	..\README.md = ..\README.md
	FunFair.props = FunFair.props
	..\.editorconfig = ..\.editorconfig
EndProjectSection
EndProject
Project("{FAE04EC0-301F-11D3-BF4B-00C04F79EFBC}") = "FunFair.BuildCheck.Tests", "FunFair.BuildCheck.Tests\FunFair.BuildCheck.Tests.csproj", "{6D6E75A7-5520-4B6C-94A4-82988B73F3A3}"
EndProject
Project("{FAE04EC0-301F-11D3-BF4B-00C04F79EFBC}") = "FunFair.BuildCheck.Interfaces", "FunFair.BuildCheck.Interfaces\FunFair.BuildCheck.Interfaces.csproj", "{2314A9E8-2E9F-4E9C-BD1C-D25E55C97BD6}"
EndProject
Project("{FAE04EC0-301F-11D3-BF4B-00C04F79EFBC}") = "FunFair.BuildCheck.SolutionChecks", "FunFair.BuildCheck.SolutionChecks\FunFair.BuildCheck.SolutionChecks.csproj", "{2978D0F6-2E15-4BCE-8231-FD375399B158}"
EndProject
Project("{FAE04EC0-301F-11D3-BF4B-00C04F79EFBC}") = "FunFair.BuildCheck.ProjectChecks", "FunFair.BuildCheck.ProjectChecks\FunFair.BuildCheck.ProjectChecks.csproj", "{C041C414-17DE-41DB-B865-F51F375BE889}"
EndProject
Project("{FAE04EC0-301F-11D3-BF4B-00C04F79EFBC}") = "FunFair.BuildCheck.Helpers", "FunFair.BuildCheck.Helpers\FunFair.BuildCheck.Helpers.csproj", "{52D0D078-805E-4CCD-BD5A-D06E9CBFC2D1}"
EndProject
Project("{FAE04EC0-301F-11D3-BF4B-00C04F79EFBC}") = "FunFair.BuildCheck.Runner", "FunFair.BuildCheck.Runner\FunFair.BuildCheck.Runner.csproj", "{48B804D5-824E-4F10-98E5-C4DC233454D0}"
EndProject
Project("{FAE04EC0-301F-11D3-BF4B-00C04F79EFBC}") = "FunFair.BuildCheck.Runner.Tests", "FunFair.BuildCheck.Runner.Tests\FunFair.BuildCheck.Runner.Tests.csproj", "{37F4ABAC-9C3C-455F-8BF7-5C589B1A9E39}"
EndProject
Global
	GlobalSection(SolutionConfigurationPlatforms) = preSolution
		Debug|Any CPU = Debug|Any CPU
		Release|Any CPU = Release|Any CPU
	EndGlobalSection
	GlobalSection(ProjectConfigurationPlatforms) = postSolution
		{A5DC8305-594C-4B52-B9E1-B61DD114CD0F}.Debug|Any CPU.ActiveCfg = Debug|Any CPU
		{A5DC8305-594C-4B52-B9E1-B61DD114CD0F}.Debug|Any CPU.Build.0 = Debug|Any CPU
		{A5DC8305-594C-4B52-B9E1-B61DD114CD0F}.Release|Any CPU.ActiveCfg = Release|Any CPU
		{A5DC8305-594C-4B52-B9E1-B61DD114CD0F}.Release|Any CPU.Build.0 = Release|Any CPU
		{6D6E75A7-5520-4B6C-94A4-82988B73F3A3}.Debug|Any CPU.ActiveCfg = Debug|Any CPU
		{6D6E75A7-5520-4B6C-94A4-82988B73F3A3}.Debug|Any CPU.Build.0 = Debug|Any CPU
		{6D6E75A7-5520-4B6C-94A4-82988B73F3A3}.Release|Any CPU.ActiveCfg = Release|Any CPU
		{6D6E75A7-5520-4B6C-94A4-82988B73F3A3}.Release|Any CPU.Build.0 = Release|Any CPU
		{2314A9E8-2E9F-4E9C-BD1C-D25E55C97BD6}.Debug|Any CPU.ActiveCfg = Debug|Any CPU
		{2314A9E8-2E9F-4E9C-BD1C-D25E55C97BD6}.Debug|Any CPU.Build.0 = Debug|Any CPU
		{2314A9E8-2E9F-4E9C-BD1C-D25E55C97BD6}.Release|Any CPU.ActiveCfg = Release|Any CPU
		{2314A9E8-2E9F-4E9C-BD1C-D25E55C97BD6}.Release|Any CPU.Build.0 = Release|Any CPU
		{2978D0F6-2E15-4BCE-8231-FD375399B158}.Debug|Any CPU.ActiveCfg = Debug|Any CPU
		{2978D0F6-2E15-4BCE-8231-FD375399B158}.Debug|Any CPU.Build.0 = Debug|Any CPU
		{2978D0F6-2E15-4BCE-8231-FD375399B158}.Release|Any CPU.ActiveCfg = Release|Any CPU
		{2978D0F6-2E15-4BCE-8231-FD375399B158}.Release|Any CPU.Build.0 = Release|Any CPU
		{C041C414-17DE-41DB-B865-F51F375BE889}.Debug|Any CPU.ActiveCfg = Debug|Any CPU
		{C041C414-17DE-41DB-B865-F51F375BE889}.Debug|Any CPU.Build.0 = Debug|Any CPU
		{C041C414-17DE-41DB-B865-F51F375BE889}.Release|Any CPU.ActiveCfg = Release|Any CPU
		{C041C414-17DE-41DB-B865-F51F375BE889}.Release|Any CPU.Build.0 = Release|Any CPU
		{52D0D078-805E-4CCD-BD5A-D06E9CBFC2D1}.Debug|Any CPU.ActiveCfg = Debug|Any CPU
		{52D0D078-805E-4CCD-BD5A-D06E9CBFC2D1}.Debug|Any CPU.Build.0 = Debug|Any CPU
		{52D0D078-805E-4CCD-BD5A-D06E9CBFC2D1}.Release|Any CPU.ActiveCfg = Release|Any CPU
		{52D0D078-805E-4CCD-BD5A-D06E9CBFC2D1}.Release|Any CPU.Build.0 = Release|Any CPU
		{48B804D5-824E-4F10-98E5-C4DC233454D0}.Debug|Any CPU.ActiveCfg = Debug|Any CPU
		{48B804D5-824E-4F10-98E5-C4DC233454D0}.Debug|Any CPU.Build.0 = Debug|Any CPU
		{48B804D5-824E-4F10-98E5-C4DC233454D0}.Release|Any CPU.ActiveCfg = Release|Any CPU
		{48B804D5-824E-4F10-98E5-C4DC233454D0}.Release|Any CPU.Build.0 = Release|Any CPU
		{37F4ABAC-9C3C-455F-8BF7-5C589B1A9E39}.Debug|Any CPU.ActiveCfg = Debug|Any CPU
		{37F4ABAC-9C3C-455F-8BF7-5C589B1A9E39}.Debug|Any CPU.Build.0 = Debug|Any CPU
		{37F4ABAC-9C3C-455F-8BF7-5C589B1A9E39}.Release|Any CPU.ActiveCfg = Release|Any CPU
		{37F4ABAC-9C3C-455F-8BF7-5C589B1A9E39}.Release|Any CPU.Build.0 = Release|Any CPU
	EndGlobalSection
EndGlobal
